
Microsoft Visual Studio Solution File, Format Version 12.00
# Visual Studio Version 17
VisualStudioVersion = 17.7.34009.444
MinimumVisualStudioVersion = 10.0.40219.1
Project("{FAE04EC0-301F-11D3-BF4B-00C04F79EFBC}") = "ContactManager_WinFormApp", "ContactManager_WinFormApp\ContactManager_WinFormApp.csproj", "{9A576367-81F5-421B-ACFC-1C01D10B882B}"
EndProject
Global
	GlobalSection(SolutionConfigurationPlatforms) = preSolution
		Debug|Any CPU = Debug|Any CPU
		Release|Any CPU = Release|Any CPU
	EndGlobalSection
	GlobalSection(ProjectConfigurationPlatforms) = postSolution
		{9A576367-81F5-421B-ACFC-1C01D10B882B}.Debug|Any CPU.ActiveCfg = Debug|Any CPU
		{9A576367-81F5-421B-ACFC-1C01D10B882B}.Debug|Any CPU.Build.0 = Debug|Any CPU
		{9A576367-81F5-421B-ACFC-1C01D10B882B}.Release|Any CPU.ActiveCfg = Release|Any CPU
		{9A576367-81F5-421B-ACFC-1C01D10B882B}.Release|Any CPU.Build.0 = Release|Any CPU
	EndGlobalSection
	GlobalSection(SolutionProperties) = preSolution
		HideSolutionNode = FALSE
	EndGlobalSection
	GlobalSection(ExtensibilityGlobals) = postSolution
		SolutionGuid = {7EAA7D6C-8971-49C3-84A5-3D9890E53F4A}
	EndGlobalSection
EndGlobal
